# @generated - this file is auto-generated by `mise lock` https://mise.jdx.dev/dev-tools/mise-lock.html

[[tools.go]]
version = "1.26.6"
backend = "core:go"

[tools.go."platforms.linux-arm64"]
checksum = "sha256:d0507e9e9d7fe012aae570108cbd76c15de879e17130ab8cb90d4d7445cb1f2e"
url = "https://dl.google.com/go/go1.26.6.linux-arm64.tar.gz"

[tools.go."platforms.linux-arm64-musl"]
checksum = "sha256:d0507e9e9d7fe012aae570108cbd76c15de879e17130ab8cb90d4d7445cb1f2e"
url = "https://dl.google.com/go/go1.26.6.linux-arm64.tar.gz"

[tools.go."platforms.linux-x64"]
checksum = "sha256:708effb774be8237570d0add163225abbdfaf4fca28b2611df167beba4feef89"
url = "https://dl.google.com/go/go1.26.6.linux-amd64.tar.gz"

[tools.go."platforms.linux-x64-musl"]
checksum = "sha256:708effb774be8237570d0add163225abbdfaf4fca28b2611df167beba4feef89"
url = "https://dl.google.com/go/go1.26.6.linux-amd64.tar.gz"

[tools.go."platforms.macos-arm64"]
checksum = "sha256:2dc95ce4675829f2df0e86b28bcef3283635902062a5f0580ca659bf570f3204"
url = "https://dl.google.com/go/go1.26.6.darwin-arm64.tar.gz"

[tools.go."platforms.macos-x64"]
checksum = "sha256:08b65a63f244115121ced6c3b55ad38d801a7442acad5c949a17aad84ae6d684"
url = "https://dl.google.com/go/go1.26.6.darwin-amd64.tar.gz"

[tools.go."platforms.windows-x64"]
checksum = "sha256:5b6c5b556525810463b5c897b50dc7a82d6a3dc0bfaf55d990a7e9f31d6b2318"
url = "https://dl.google.com/go/go1.26.6.windows-amd64.zip"

[[tools.node]]
version = "22.23.2"
backend = "core:node"

[tools.node."platforms.linux-arm64"]
checksum = "sha256:013b59cfd2819703a6f4a14ab891fc46fc2a4e3f5bcd92de3fb4929b43e35b30"
url = "https://nodejs.org/dist/v22.23.2/node-v22.23.2-linux-arm64.tar.gz"

[tools.node."platforms.linux-arm64-musl"]
checksum = "sha256:b7a1a2b1c7c76e47550f17764676939840e0a64b4d04bdd375a4ac14bccaa8d8"
url = "https://unofficial-builds.nodejs.org/download/release/v22.23.2/node-v22.23.2-linux-arm64-musl.tar.gz"

[tools.node."platforms.linux-x64"]
checksum = "sha256:b294a556e639d64338823920e5866c21c02741742d2e1529ee1a225c1ec9252a"
url = "https://nodejs.org/dist/v22.23.2/node-v22.23.2-linux-x64.tar.gz"

[tools.node."platforms.linux-x64-musl"]
checksum = "sha256:396e11ee609eb2e5cb990f045c4d037aa47b2c247f3cecb01c5c162e33ffa9af"
url = "https://unofficial-builds.nodejs.org/download/release/v22.23.2/node-v22.23.2-linux-x64-musl.tar.gz"

[tools.node."platforms.macos-arm64"]
checksum = "sha256:61130f394c1630d211dd50aecc4353d379480f36d3ac913cd85dbba1aed585c6"
url = "https://nodejs.org/dist/v22.23.2/node-v22.23.2-darwin-arm64.tar.gz"

[tools.node."platforms.macos-x64"]
checksum = "sha256:58e99022c2ff89395576cc7fd4d98cea24bb68081475d5f88b801ee8729fb026"
url = "https://nodejs.org/dist/v22.23.2/node-v22.23.2-darwin-x64.tar.gz"

[tools.node."platforms.windows-x64"]
checksum = "sha256:1177b4137ba5adaa56354ae40f1080c7450e8ae09cecb47da459d1c52ac99f97"
url = "https://nodejs.org/dist/v22.23.2/node-v22.23.2-win-x64.zip"

[[tools.pnpm]]
version = "9.0.0"
backend = "aqua:pnpm/pnpm"

[tools.pnpm."platforms.linux-arm64"]
url = "https://github.com/pnpm/pnpm/releases/download/v9.0.0/pnpm-linux-arm64"
url_api = "https://api.github.com/repos/pnpm/pnpm/releases/assets/162379606"

[tools.pnpm."platforms.linux-arm64-musl"]
url = "https://github.com/pnpm/pnpm/releases/download/v9.0.0/pnpm-linux-arm64"
url_api = "https://api.github.com/repos/pnpm/pnpm/releases/assets/162379606"

[tools.pnpm."platforms.linux-x64"]
checksum = "blake3:5992077d6c8695ef0a5f7ce92e0b30a8f519a6af7684903324cb9c11d9c2696a"
url = "https://github.com/pnpm/pnpm/releases/download/v9.0.0/pnpm-linux-x64"
url_api = "https://api.github.com/repos/pnpm/pnpm/releases/assets/162379600"

[tools.pnpm."platforms.linux-x64-musl"]
url = "https://github.com/pnpm/pnpm/releases/download/v9.0.0/pnpm-linux-x64"
url_api = "https://api.github.com/repos/pnpm/pnpm/releases/assets/162379600"

[tools.pnpm."platforms.macos-arm64"]
url = "https://github.com/pnpm/pnpm/releases/download/v9.0.0/pnpm-macos-arm64"
url_api = "https://api.github.com/repos/pnpm/pnpm/releases/assets/162379601"

[tools.pnpm."platforms.macos-x64"]
url = "https://github.com/pnpm/pnpm/releases/download/v9.0.0/pnpm-macos-x64"
url_api = "https://api.github.com/repos/pnpm/pnpm/releases/assets/162379603"

[tools.pnpm."platforms.windows-x64"]
url = "https://github.com/pnpm/pnpm/releases/download/v9.0.0/pnpm-win-x64.exe"
url_api = "https://api.github.com/repos/pnpm/pnpm/releases/assets/162379607"

[[tools.python]]
version = "3.12.14"
backend = "core:python"

[tools.python."platforms.linux-arm64"]
checksum = "sha256:2d8e17dfd732102cfeb18e0e1fa6769b24caa034e159981129590fe409c7157a"
url = "https://github.com/astral-sh/python-build-standalone/releases/download/20260814/cpython-3.12.14+20260814-aarch64-unknown-linux-gnu-install_only_stripped.tar.gz"
provenance = "github-attestations"

[tools.python."platforms.linux-arm64-musl"]
checksum = "sha256:4167705abc3e40767c7bd8f006ae5dbe677397391a2d9f7549e7759e3806180a"
url = "https://github.com/astral-sh/python-build-standalone/releases/download/20260814/cpython-3.12.14+20260814-aarch64-unknown-linux-musl-install_only_stripped.tar.gz"
provenance = "github-attestations"

[tools.python."platforms.linux-x64"]
checksum = "sha256:5acfa3e9ba26b51ae161c83aff278da915b590d22373a424b2ba55b8afe91fcc"
url = "https://github.com/astral-sh/python-build-standalone/releases/download/20260814/cpython-3.12.14+20260814-x86_64-unknown-linux-gnu-install_only_stripped.tar.gz"
provenance = "github-attestations"

[tools.python."platforms.linux-x64-musl"]
checksum = "sha256:25adbf9d865ada81c728ba9ee6cd042736b6b46dcd3a889198038da04eed9c4a"
url = "https://github.com/astral-sh/python-build-standalone/releases/download/20260814/cpython-3.12.14+20260814-x86_64-unknown-linux-musl-install_only_stripped.tar.gz"
provenance = "github-attestations"

[tools.python."platforms.macos-arm64"]
checksum = "sha256:dd5b76ab11451a4a4367c17c61d944dded56b425396b07f102922a7ebef7d55f"
url = "https://github.com/astral-sh/python-build-standalone/releases/download/20260814/cpython-3.12.14+20260814-aarch64-apple-darwin-install_only_stripped.tar.gz"
provenance = "github-attestations"

[tools.python."platforms.macos-x64"]
checksum = "sha256:aec265e3cddaccdb2a3d783331596351b24d4a63c97af0a38f75f643c9451de9"
url = "https://github.com/astral-sh/python-build-standalone/releases/download/20260814/cpython-3.12.14+20260814-x86_64-apple-darwin-install_only_stripped.tar.gz"
provenance = "github-attestations"

[tools.python."platforms.windows-x64"]
checksum = "sha256:89f18f6932917163b74339ebcec2645c8e47ae7f1c5f2ac37f2b4f4cf3beb647"
url = "https://github.com/astral-sh/python-build-standalone/releases/download/20260814/cpython-3.12.14+20260814-x86_64-pc-windows-msvc-install_only_stripped.tar.gz"
provenance = "github-attestations"
